
Microsoft Visual Studio Solution File, Format Version 12.00
# Visual Studio 15
VisualStudioVersion = 15.0.28307.539
MinimumVisualStudioVersion = 10.0.40219.1
Project("{9A19103F-16F7-4668-BE54-9A1E7A4F7556}") = "CoxAutomotiveAssignment", "CoxAutomotiveAssignment\CoxAutomotiveAssignment.csproj", "{3F709A86-E061-4D7E-957D-EF6A0545393F}"
EndProject
Project("{FAE04EC0-301F-11D3-BF4B-00C04F79EFBC}") = "CoxAutomotiveAssignment.Core", "CoxAutomotiveAssignment.Core\CoxAutomotiveAssignment.Core.csproj", "{3EF9AA7E-89BE-4905-857F-30F835390B3F}"
EndProject
Global
	GlobalSection(SolutionConfigurationPlatforms) = preSolution
		Debug|Any CPU = Debug|Any CPU
		Release|Any CPU = Release|Any CPU
	EndGlobalSection
	GlobalSection(ProjectConfigurationPlatforms) = postSolution
		{3F709A86-E061-4D7E-957D-EF6A0545393F}.Debug|Any CPU.ActiveCfg = Debug|Any CPU
		{3F709A86-E061-4D7E-957D-EF6A0545393F}.Debug|Any CPU.Build.0 = Debug|Any CPU
		{3F709A86-E061-4D7E-957D-EF6A0545393F}.Release|Any CPU.ActiveCfg = Release|Any CPU
		{3F709A86-E061-4D7E-957D-EF6A0545393F}.Release|Any CPU.Build.0 = Release|Any CPU
		{3EF9AA7E-89BE-4905-857F-30F835390B3F}.Debug|Any CPU.ActiveCfg = Debug|Any CPU
		{3EF9AA7E-89BE-4905-857F-30F835390B3F}.Debug|Any CPU.Build.0 = Debug|Any CPU
		{3EF9AA7E-89BE-4905-857F-30F835390B3F}.Release|Any CPU.ActiveCfg = Release|Any CPU
		{3EF9AA7E-89BE-4905-857F-30F835390B3F}.Release|Any CPU.Build.0 = Release|Any CPU
	EndGlobalSection
	GlobalSection(SolutionProperties) = preSolution
		HideSolutionNode = FALSE
	EndGlobalSection
	GlobalSection(ExtensibilityGlobals) = postSolution
		SolutionGuid = {3ABF009D-4E18-43BF-B89F-50C30EC0373E}
	EndGlobalSection
EndGlobal
